// !$*UTF8*$!
{
	archiveVersion = 1;
	classes = {
	};
	objectVersion = 48;
	objects = {

/* Begin PBXBuildFile section */
		7C55C9DE22F8D9B000519CBA /* HeroModel.swift in Sources */ = {isa = PBXBuildFile; fileRef = 7C55C9DD22F8D9B000519CBA /* HeroModel.swift */; };
		7C55C9E022F8DCD600519CBA /* UserModel.swift in Sources */ = {isa = PBXBuildFile; fileRef = 7C55C9DF22F8DCD600519CBA /* UserModel.swift */; };
		7C55C9E222F8F78300519CBA /* HeroInteractor.swift in Sources */ = {isa = PBXBuildFile; fileRef = 7C55C9E122F8F78300519CBA /* HeroInteractor.swift */; };
		7C55C9E422F8F8CE00519CBA /* HeroProtocols.swift in Sources */ = {isa = PBXBuildFile; fileRef = 7C55C9E322F8F8CE00519CBA /* HeroProtocols.swift */; };
		7C55C9EC22F8F95A00519CBA /* doghero_testTests.swift in Sources */ = {isa = PBXBuildFile; fileRef = 7C55C9EB22F8F95A00519CBA /* doghero_testTests.swift */; };
		7C55C9F522F8FED800519CBA /* HeroRouter.swift in Sources */ = {isa = PBXBuildFile; fileRef = 7C55C9F422F8FED800519CBA /* HeroRouter.swift */; };
		7C55C9F722F8FF4C00519CBA /* HeroTableViewController.swift in Sources */ = {isa = PBXBuildFile; fileRef = 7C55C9F622F8FF4C00519CBA /* HeroTableViewController.swift */; };
		7CE3838D22FA001A00D44557 /* HeroPresenter.swift in Sources */ = {isa = PBXBuildFile; fileRef = 7CE3838C22FA001A00D44557 /* HeroPresenter.swift */; };
		7CE3838F22FA22D700D44557 /* HeroTableViewCell.swift in Sources */ = {isa = PBXBuildFile; fileRef = 7CE3838E22FA22D700D44557 /* HeroTableViewCell.swift */; };
		7CE3839122FA28CD00D44557 /* HeroHeaderView.swift in Sources */ = {isa = PBXBuildFile; fileRef = 7CE3839022FA28CD00D44557 /* HeroHeaderView.swift */; };
		7CE3839322FA28DB00D44557 /* HeroHeaderView.xib in Resources */ = {isa = PBXBuildFile; fileRef = 7CE3839222FA28DB00D44557 /* HeroHeaderView.xib */; };
		7CE3839522FA6CFC00D44557 /* NSMutableAttributedString.swift in Sources */ = {isa = PBXBuildFile; fileRef = 7CE3839422FA6CFC00D44557 /* NSMutableAttributedString.swift */; };
		7CE3839D22FB345A00D44557 /* doghero_testUITests.swift in Sources */ = {isa = PBXBuildFile; fileRef = 7CE3839C22FB345A00D44557 /* doghero_testUITests.swift */; };
		A259F18A201CF66900B5164F /* AppDelegate.swift in Sources */ = {isa = PBXBuildFile; fileRef = A259F189201CF66900B5164F /* AppDelegate.swift */; };
		A259F18C201CF66900B5164F /* ViewController.swift in Sources */ = {isa = PBXBuildFile; fileRef = A259F18B201CF66900B5164F /* ViewController.swift */; };
		A259F18F201CF66900B5164F /* Main.storyboard in Resources */ = {isa = PBXBuildFile; fileRef = A259F18D201CF66900B5164F /* Main.storyboard */; };
		A259F191201CF66900B5164F /* Assets.xcassets in Resources */ = {isa = PBXBuildFile; fileRef = A259F190201CF66900B5164F /* Assets.xcassets */; };
		A259F194201CF66900B5164F /* LaunchScreen.storyboard in Resources */ = {isa = PBXBuildFile; fileRef = A259F192201CF66900B5164F /* LaunchScreen.storyboard */; };
		A259F19D201CF69F00B5164F /* UIImage.swift in Sources */ = {isa = PBXBuildFile; fileRef = A259F19C201CF69F00B5164F /* UIImage.swift */; };
		A259F1A0201CF6EA00B5164F /* MyHeroes.swift in Sources */ = {isa = PBXBuildFile; fileRef = A259F19F201CF6EA00B5164F /* MyHeroes.swift */; };
		A259F1A2201CF76400B5164F /* JSONParser.swift in Sources */ = {isa = PBXBuildFile; fileRef = A259F1A1201CF76400B5164F /* JSONParser.swift */; };
		B482B3B8692046E419C3D887 /* Pods_doghero_test.framework in Frameworks */ = {isa = PBXBuildFile; fileRef = A0FCDADF32C7E78D2AFF23E1 /* Pods_doghero_test.framework */; };
/* End PBXBuildFile section */

/* Begin PBXContainerItemProxy section */
		7C55C9EE22F8F95A00519CBA /* PBXContainerItemProxy */ = {
			isa = PBXContainerItemProxy;
			containerPortal = A259F17E201CF66900B5164F /* Project object */;
			proxyType = 1;
			remoteGlobalIDString = A259F185201CF66900B5164F;
			remoteInfo = "doghero-test";
		};
		7CE3839F22FB345A00D44557 /* PBXContainerItemProxy */ = {
			isa = PBXContainerItemProxy;
			containerPortal = A259F17E201CF66900B5164F /* Project object */;
			proxyType = 1;
			remoteGlobalIDString = A259F185201CF66900B5164F;
			remoteInfo = "doghero-test";
		};
/* End PBXContainerItemProxy section */

/* Begin PBXFileReference section */
		7C55C9DD22F8D9B000519CBA /* HeroModel.swift */ = {isa = PBXFileReference; lastKnownFileType = sourcecode.swift; path = HeroModel.swift; sourceTree = "<group>"; };
		7C55C9DF22F8DCD600519CBA /* UserModel.swift */ = {isa = PBXFileReference; lastKnownFileType = sourcecode.swift; path = UserModel.swift; sourceTree = "<group>"; };
		7C55C9E122F8F78300519CBA /* HeroInteractor.swift */ = {isa = PBXFileReference; lastKnownFileType = sourcecode.swift; path = HeroInteractor.swift; sourceTree = "<group>"; };
		7C55C9E322F8F8CE00519CBA /* HeroProtocols.swift */ = {isa = PBXFileReference; lastKnownFileType = sourcecode.swift; path = HeroProtocols.swift; sourceTree = "<group>"; };
		7C55C9E922F8F95A00519CBA /* doghero-testTests.xctest */ = {isa = PBXFileReference; explicitFileType = wrapper.cfbundle; includeInIndex = 0; path = "doghero-testTests.xctest"; sourceTree = BUILT_PRODUCTS_DIR; };
		7C55C9EB22F8F95A00519CBA /* doghero_testTests.swift */ = {isa = PBXFileReference; lastKnownFileType = sourcecode.swift; path = doghero_testTests.swift; sourceTree = "<group>"; };
		7C55C9ED22F8F95A00519CBA /* Info.plist */ = {isa = PBXFileReference; lastKnownFileType = text.plist.xml; path = Info.plist; sourceTree = "<group>"; };
		7C55C9F422F8FED800519CBA /* HeroRouter.swift */ = {isa = PBXFileReference; lastKnownFileType = sourcecode.swift; path = HeroRouter.swift; sourceTree = "<group>"; };
		7C55C9F622F8FF4C00519CBA /* HeroTableViewController.swift */ = {isa = PBXFileReference; lastKnownFileType = sourcecode.swift; path = HeroTableViewController.swift; sourceTree = "<group>"; };
		7CE3838C22FA001A00D44557 /* HeroPresenter.swift */ = {isa = PBXFileReference; lastKnownFileType = sourcecode.swift; path = HeroPresenter.swift; sourceTree = "<group>"; };
		7CE3838E22FA22D700D44557 /* HeroTableViewCell.swift */ = {isa = PBXFileReference; lastKnownFileType = sourcecode.swift; path = HeroTableViewCell.swift; sourceTree = "<group>"; };
		7CE3839022FA28CD00D44557 /* HeroHeaderView.swift */ = {isa = PBXFileReference; lastKnownFileType = sourcecode.swift; path = HeroHeaderView.swift; sourceTree = "<group>"; };
		7CE3839222FA28DB00D44557 /* HeroHeaderView.xib */ = {isa = PBXFileReference; lastKnownFileType = file.xib; path = HeroHeaderView.xib; sourceTree = "<group>"; };
		7CE3839422FA6CFC00D44557 /* NSMutableAttributedString.swift */ = {isa = PBXFileReference; lastKnownFileType = sourcecode.swift; path = NSMutableAttributedString.swift; sourceTree = "<group>"; };
		7CE3839A22FB345A00D44557 /* doghero-testUITests.xctest */ = {isa = PBXFileReference; explicitFileType = wrapper.cfbundle; includeInIndex = 0; path = "doghero-testUITests.xctest"; sourceTree = BUILT_PRODUCTS_DIR; };
		7CE3839C22FB345A00D44557 /* doghero_testUITests.swift */ = {isa = PBXFileReference; lastKnownFileType = sourcecode.swift; path = doghero_testUITests.swift; sourceTree = "<group>"; };
		7CE3839E22FB345A00D44557 /* Info.plist */ = {isa = PBXFileReference; lastKnownFileType = text.plist.xml; path = Info.plist; sourceTree = "<group>"; };
		A0FCDADF32C7E78D2AFF23E1 /* Pods_doghero_test.framework */ = {isa = PBXFileReference; explicitFileType = wrapper.framework; includeInIndex = 0; path = Pods_doghero_test.framework; sourceTree = BUILT_PRODUCTS_DIR; };
		A259F186201CF66900B5164F /* doghero-test.app */ = {isa = PBXFileReference; explicitFileType = wrapper.application; includeInIndex = 0; path = "doghero-test.app"; sourceTree = BUILT_PRODUCTS_DIR; };
		A259F189201CF66900B5164F /* AppDelegate.swift */ = {isa = PBXFileReference; lastKnownFileType = sourcecode.swift; path = AppDelegate.swift; sourceTree = "<group>"; };
		A259F18B201CF66900B5164F /* ViewController.swift */ = {isa = PBXFileReference; lastKnownFileType = sourcecode.swift; path = ViewController.swift; sourceTree = "<group>"; };
		A259F18E201CF66900B5164F /* Base */ = {isa = PBXFileReference; lastKnownFileType = file.storyboard; name = Base; path = Base.lproj/Main.storyboard; sourceTree = "<group>"; };
		A259F190201CF66900B5164F /* Assets.xcassets */ = {isa = PBXFileReference; lastKnownFileType = folder.assetcatalog; path = Assets.xcassets; sourceTree = "<group>"; };
		A259F193201CF66900B5164F /* Base */ = {isa = PBXFileReference; lastKnownFileType = file.storyboard; name = Base; path = Base.lproj/LaunchScreen.storyboard; sourceTree = "<group>"; };
		A259F195201CF66900B5164F /* Info.plist */ = {isa = PBXFileReference; lastKnownFileType = text.plist.xml; path = Info.plist; sourceTree = "<group>"; };
		A259F19C201CF69F00B5164F /* UIImage.swift */ = {isa = PBXFileReference; lastKnownFileType = sourcecode.swift; path = UIImage.swift; sourceTree = "<group>"; };
		A259F19F201CF6EA00B5164F /* MyHeroes.swift */ = {isa = PBXFileReference; lastKnownFileType = sourcecode.swift; path = MyHeroes.swift; sourceTree = "<group>"; };
		A259F1A1201CF76400B5164F /* JSONParser.swift */ = {isa = PBXFileReference; lastKnownFileType = sourcecode.swift; path = JSONParser.swift; sourceTree = "<group>"; };
		E315F3F846A1118D7A1F6EB4 /* Pods-doghero-test.release.xcconfig */ = {isa = PBXFileReference; includeInIndex = 1; lastKnownFileType = text.xcconfig; name = "Pods-doghero-test.release.xcconfig"; path = "Pods/Target Support Files/Pods-doghero-test/Pods-doghero-test.release.xcconfig"; sourceTree = "<group>"; };
		FB67BAA26EFB845151CB0C97 /* Pods-doghero-test.debug.xcconfig */ = {isa = PBXFileReference; includeInIndex = 1; lastKnownFileType = text.xcconfig; name = "Pods-doghero-test.debug.xcconfig"; path = "Pods/Target Support Files/Pods-doghero-test/Pods-doghero-test.debug.xcconfig"; sourceTree = "<group>"; };
/* End PBXFileReference section */

/* Begin PBXFrameworksBuildPhase section */
		7C55C9E622F8F95A00519CBA /* Frameworks */ = {
			isa = PBXFrameworksBuildPhase;
			buildActionMask = 2147483647;
			files = (
			);
			runOnlyForDeploymentPostprocessing = 0;
		};
		7CE3839722FB345A00D44557 /* Frameworks */ = {
			isa = PBXFrameworksBuildPhase;
			buildActionMask = 2147483647;
			files = (
			);
			runOnlyForDeploymentPostprocessing = 0;
		};
		A259F183201CF66900B5164F /* Frameworks */ = {
			isa = PBXFrameworksBuildPhase;
			buildActionMask = 2147483647;
			files = (
				B482B3B8692046E419C3D887 /* Pods_doghero_test.framework in Frameworks */,
			);
			runOnlyForDeploymentPostprocessing = 0;
		};
/* End PBXFrameworksBuildPhase section */

/* Begin PBXGroup section */
		7C55C9DC22F8D82D00519CBA /* app-ui */ = {
			isa = PBXGroup;
			children = (
				A259F192201CF66900B5164F /* LaunchScreen.storyboard */,
				A259F18D201CF66900B5164F /* Main.storyboard */,
			);
			path = "app-ui";
			sourceTree = "<group>";
		};
		7C55C9EA22F8F95A00519CBA /* doghero-testTests */ = {
			isa = PBXGroup;
			children = (
				7C55C9EB22F8F95A00519CBA /* doghero_testTests.swift */,
				7C55C9ED22F8F95A00519CBA /* Info.plist */,
			);
			path = "doghero-testTests";
			sourceTree = "<group>";
		};
		7C55C9F322F8FE8100519CBA /* app-settings */ = {
			isa = PBXGroup;
			children = (
				A259F189201CF66900B5164F /* AppDelegate.swift */,
			);
			path = "app-settings";
			sourceTree = "<group>";
		};
		7C7FA43B22F64824003E5CDF /* app-modules */ = {
			isa = PBXGroup;
			children = (
				7C7FA43C22F6483C003E5CDF /* heroes-module */,
			);
			path = "app-modules";
			sourceTree = "<group>";
		};
		7C7FA43C22F6483C003E5CDF /* heroes-module */ = {
			isa = PBXGroup;
			children = (
				7C7FA44222F6486A003E5CDF /* view */,
				7C7FA44122F64863003E5CDF /* presenter */,
				7C7FA44022F6485F003E5CDF /* router */,
				7C7FA43F22F64858003E5CDF /* interactor */,
				7C7FA43E22F64852003E5CDF /* entity */,
				7C7FA43D22F6484A003E5CDF /* protocols */,
			);
			path = "heroes-module";
			sourceTree = "<group>";
		};
		7C7FA43D22F6484A003E5CDF /* protocols */ = {
			isa = PBXGroup;
			children = (
				7C55C9E322F8F8CE00519CBA /* HeroProtocols.swift */,
			);
			path = protocols;
			sourceTree = "<group>";
		};
		7C7FA43E22F64852003E5CDF /* entity */ = {
			isa = PBXGroup;
			children = (
				7C55C9DD22F8D9B000519CBA /* HeroModel.swift */,
				7C55C9DF22F8DCD600519CBA /* UserModel.swift */,
			);
			path = entity;
			sourceTree = "<group>";
		};
		7C7FA43F22F64858003E5CDF /* interactor */ = {
			isa = PBXGroup;
			children = (
				7C55C9E122F8F78300519CBA /* HeroInteractor.swift */,
			);
			path = interactor;
			sourceTree = "<group>";
		};
		7C7FA44022F6485F003E5CDF /* router */ = {
			isa = PBXGroup;
			children = (
				7C55C9F422F8FED800519CBA /* HeroRouter.swift */,
			);
			path = router;
			sourceTree = "<group>";
		};
		7C7FA44122F64863003E5CDF /* presenter */ = {
			isa = PBXGroup;
			children = (
				7CE3838C22FA001A00D44557 /* HeroPresenter.swift */,
			);
			path = presenter;
			sourceTree = "<group>";
		};
		7C7FA44222F6486A003E5CDF /* view */ = {
			isa = PBXGroup;
			children = (
				7C55C9F622F8FF4C00519CBA /* HeroTableViewController.swift */,
				7CE3838E22FA22D700D44557 /* HeroTableViewCell.swift */,
				7CE3839022FA28CD00D44557 /* HeroHeaderView.swift */,
				7CE3839222FA28DB00D44557 /* HeroHeaderView.xib */,
			);
			path = view;
			sourceTree = "<group>";
		};
		7CE3839B22FB345A00D44557 /* doghero-testUITests */ = {
			isa = PBXGroup;
			children = (
				7CE3839C22FB345A00D44557 /* doghero_testUITests.swift */,
				7CE3839E22FB345A00D44557 /* Info.plist */,
			);
			path = "doghero-testUITests";
			sourceTree = "<group>";
		};
		A259F17D201CF66900B5164F = {
			isa = PBXGroup;
			children = (
				A259F188201CF66900B5164F /* doghero-test */,
				7C55C9EA22F8F95A00519CBA /* doghero-testTests */,
				7CE3839B22FB345A00D44557 /* doghero-testUITests */,
				A259F187201CF66900B5164F /* Products */,
				F7749C6B0C7B618A519FDA09 /* Pods */,
				D2675C1A3A530002AB8A99F9 /* Frameworks */,
			);
			sourceTree = "<group>";
		};
		A259F187201CF66900B5164F /* Products */ = {
			isa = PBXGroup;
			children = (
				A259F186201CF66900B5164F /* doghero-test.app */,
				7C55C9E922F8F95A00519CBA /* doghero-testTests.xctest */,
				7CE3839A22FB345A00D44557 /* doghero-testUITests.xctest */,
			);
			name = Products;
			sourceTree = "<group>";
		};
		A259F188201CF66900B5164F /* doghero-test */ = {
			isa = PBXGroup;
			children = (
				7C55C9F322F8FE8100519CBA /* app-settings */,
				7C55C9DC22F8D82D00519CBA /* app-ui */,
				7C7FA43B22F64824003E5CDF /* app-modules */,
				A259F19E201CF6D000B5164F /* Api Answer */,
				A259F19B201CF69100B5164F /* Extensions */,
				A259F18B201CF66900B5164F /* ViewController.swift */,
				A259F190201CF66900B5164F /* Assets.xcassets */,
				A259F195201CF66900B5164F /* Info.plist */,
			);
			path = "doghero-test";
			sourceTree = "<group>";
		};
		A259F19B201CF69100B5164F /* Extensions */ = {
			isa = PBXGroup;
			children = (
				A259F19C201CF69F00B5164F /* UIImage.swift */,
				7CE3839422FA6CFC00D44557 /* NSMutableAttributedString.swift */,
			);
			path = Extensions;
			sourceTree = "<group>";
		};
		A259F19E201CF6D000B5164F /* Api Answer */ = {
			isa = PBXGroup;
			children = (
				A259F19F201CF6EA00B5164F /* MyHeroes.swift */,
				A259F1A1201CF76400B5164F /* JSONParser.swift */,
			);
			path = "Api Answer";
			sourceTree = "<group>";
		};
		D2675C1A3A530002AB8A99F9 /* Frameworks */ = {
			isa = PBXGroup;
			children = (
				A0FCDADF32C7E78D2AFF23E1 /* Pods_doghero_test.framework */,
			);
			name = Frameworks;
			sourceTree = "<group>";
		};
		F7749C6B0C7B618A519FDA09 /* Pods */ = {
			isa = PBXGroup;
			children = (
				FB67BAA26EFB845151CB0C97 /* Pods-doghero-test.debug.xcconfig */,
				E315F3F846A1118D7A1F6EB4 /* Pods-doghero-test.release.xcconfig */,
			);
			name = Pods;
			sourceTree = "<group>";
		};
/* End PBXGroup section */

/* Begin PBXNativeTarget section */
		7C55C9E822F8F95A00519CBA /* doghero-testTests */ = {
			isa = PBXNativeTarget;
			buildConfigurationList = 7C55C9F022F8F95A00519CBA /* Build configuration list for PBXNativeTarget "doghero-testTests" */;
			buildPhases = (
				7C55C9E522F8F95A00519CBA /* Sources */,
				7C55C9E622F8F95A00519CBA /* Frameworks */,
				7C55C9E722F8F95A00519CBA /* Resources */,
			);
			buildRules = (
			);
			dependencies = (
				7C55C9EF22F8F95A00519CBA /* PBXTargetDependency */,
			);
			name = "doghero-testTests";
			productName = "doghero-testTests";
			productReference = 7C55C9E922F8F95A00519CBA /* doghero-testTests.xctest */;
			productType = "com.apple.product-type.bundle.unit-test";
		};
		7CE3839922FB345A00D44557 /* doghero-testUITests */ = {
			isa = PBXNativeTarget;
			buildConfigurationList = 7CE383A322FB345B00D44557 /* Build configuration list for PBXNativeTarget "doghero-testUITests" */;
			buildPhases = (
				7CE3839622FB345A00D44557 /* Sources */,
				7CE3839722FB345A00D44557 /* Frameworks */,
				7CE3839822FB345A00D44557 /* Resources */,
			);
			buildRules = (
			);
			dependencies = (
				7CE383A022FB345A00D44557 /* PBXTargetDependency */,
			);
			name = "doghero-testUITests";
			productName = "doghero-testUITests";
			productReference = 7CE3839A22FB345A00D44557 /* doghero-testUITests.xctest */;
			productType = "com.apple.product-type.bundle.ui-testing";
		};
		A259F185201CF66900B5164F /* doghero-test */ = {
			isa = PBXNativeTarget;
			buildConfigurationList = A259F198201CF66900B5164F /* Build configuration list for PBXNativeTarget "doghero-test" */;
			buildPhases = (
				A5B0DD5F2168047C6913871F /* [CP] Check Pods Manifest.lock */,
				A259F182201CF66900B5164F /* Sources */,
				A259F183201CF66900B5164F /* Frameworks */,
				A259F184201CF66900B5164F /* Resources */,
				1631A94BF3638E4797A20869 /* [CP] Embed Pods Frameworks */,
			);
			buildRules = (
			);
			dependencies = (
			);
			name = "doghero-test";
			productName = "doghero-test";
			productReference = A259F186201CF66900B5164F /* doghero-test.app */;
			productType = "com.apple.product-type.application";
		};
/* End PBXNativeTarget section */

/* Begin PBXProject section */
		A259F17E201CF66900B5164F /* Project object */ = {
			isa = PBXProject;
			attributes = {
				LastSwiftUpdateCheck = 1020;
				LastUpgradeCheck = 0920;
				ORGANIZATIONNAME = doghero;
				TargetAttributes = {
					7C55C9E822F8F95A00519CBA = {
						CreatedOnToolsVersion = 10.2;
						ProvisioningStyle = Automatic;
						TestTargetID = A259F185201CF66900B5164F;
					};
					7CE3839922FB345A00D44557 = {
						CreatedOnToolsVersion = 10.2;
						ProvisioningStyle = Automatic;
						TestTargetID = A259F185201CF66900B5164F;
					};
					A259F185201CF66900B5164F = {
						CreatedOnToolsVersion = 9.2;
						ProvisioningStyle = Automatic;
					};
				};
			};
			buildConfigurationList = A259F181201CF66900B5164F /* Build configuration list for PBXProject "doghero-test" */;
			compatibilityVersion = "Xcode 8.0";
			developmentRegion = en;
			hasScannedForEncodings = 0;
			knownRegions = (
				en,
				Base,
			);
			mainGroup = A259F17D201CF66900B5164F;
			productRefGroup = A259F187201CF66900B5164F /* Products */;
			projectDirPath = "";
			projectRoot = "";
			targets = (
				A259F185201CF66900B5164F /* doghero-test */,
				7C55C9E822F8F95A00519CBA /* doghero-testTests */,
				7CE3839922FB345A00D44557 /* doghero-testUITests */,
			);
		};
/* End PBXProject section */

/* Begin PBXResourcesBuildPhase section */
		7C55C9E722F8F95A00519CBA /* Resources */ = {
			isa = PBXResourcesBuildPhase;
			buildActionMask = 2147483647;
			files = (
			);
			runOnlyForDeploymentPostprocessing = 0;
		};
		7CE3839822FB345A00D44557 /* Resources */ = {
			isa = PBXResourcesBuildPhase;
			buildActionMask = 2147483647;
			files = (
			);
			runOnlyForDeploymentPostprocessing = 0;
		};
		A259F184201CF66900B5164F /* Resources */ = {
			isa = PBXResourcesBuildPhase;
			buildActionMask = 2147483647;
			files = (
				A259F194201CF66900B5164F /* LaunchScreen.storyboard in Resources */,
				7CE3839322FA28DB00D44557 /* HeroHeaderView.xib in Resources */,
				A259F191201CF66900B5164F /* Assets.xcassets in Resources */,
				A259F18F201CF66900B5164F /* Main.storyboard in Resources */,
			);
			runOnlyForDeploymentPostprocessing = 0;
		};
/* End PBXResourcesBuildPhase section */

/* Begin PBXShellScriptBuildPhase section */
		1631A94BF3638E4797A20869 /* [CP] Embed Pods Frameworks */ = {
			isa = PBXShellScriptBuildPhase;
			buildActionMask = 2147483647;
			files = (
			);
			inputFileListPaths = (
			);
			inputPaths = (
				"${SRCROOT}/Pods/Target Support Files/Pods-doghero-test/Pods-doghero-test-frameworks.sh",
				"${BUILT_PRODUCTS_DIR}/Alamofire/Alamofire.framework",
				"${BUILT_PRODUCTS_DIR}/AlamofireObjectMapper/AlamofireObjectMapper.framework",
				"${BUILT_PRODUCTS_DIR}/ObjectMapper/ObjectMapper.framework",
			);
			name = "[CP] Embed Pods Frameworks";
			outputFileListPaths = (
			);
			outputPaths = (
				"${TARGET_BUILD_DIR}/${FRAMEWORKS_FOLDER_PATH}/Alamofire.framework",
				"${TARGET_BUILD_DIR}/${FRAMEWORKS_FOLDER_PATH}/AlamofireObjectMapper.framework",
				"${TARGET_BUILD_DIR}/${FRAMEWORKS_FOLDER_PATH}/ObjectMapper.framework",
			);
			runOnlyForDeploymentPostprocessing = 0;
			shellPath = /bin/sh;
			shellScript = "\"${SRCROOT}/Pods/Target Support Files/Pods-doghero-test/Pods-doghero-test-frameworks.sh\"\n";
			showEnvVarsInLog = 0;
		};
		A5B0DD5F2168047C6913871F /* [CP] Check Pods Manifest.lock */ = {
			isa = PBXShellScriptBuildPhase;
			buildActionMask = 2147483647;
			files = (
			);
			inputFileListPaths = (
			);
			inputPaths = (
				"${PODS_PODFILE_DIR_PATH}/Podfile.lock",
				"${PODS_ROOT}/Manifest.lock",
			);
			name = "[CP] Check Pods Manifest.lock";
			outputFileListPaths = (
			);
			outputPaths = (
				"$(DERIVED_FILE_DIR)/Pods-doghero-test-checkManifestLockResult.txt",
			);
			runOnlyForDeploymentPostprocessing = 0;
			shellPath = /bin/sh;
			shellScript = "diff \"${PODS_PODFILE_DIR_PATH}/Podfile.lock\" \"${PODS_ROOT}/Manifest.lock\" > /dev/null\nif [ $? != 0 ] ; then\n    # print error to STDERR\n    echo \"error: The sandbox is not in sync with the Podfile.lock. Run 'pod install' or update your CocoaPods installation.\" >&2\n    exit 1\nfi\n# This output is used by Xcode 'outputs' to avoid re-running this script phase.\necho \"SUCCESS\" > \"${SCRIPT_OUTPUT_FILE_0}\"\n";
			showEnvVarsInLog = 0;
		};
/* End PBXShellScriptBuildPhase section */

/* Begin PBXSourcesBuildPhase section */
		7C55C9E522F8F95A00519CBA /* Sources */ = {
			isa = PBXSourcesBuildPhase;
			buildActionMask = 2147483647;
			files = (
				7C55C9EC22F8F95A00519CBA /* doghero_testTests.swift in Sources */,
			);
			runOnlyForDeploymentPostprocessing = 0;
		};
		7CE3839622FB345A00D44557 /* Sources */ = {
			isa = PBXSourcesBuildPhase;
			buildActionMask = 2147483647;
			files = (
				7CE3839D22FB345A00D44557 /* doghero_testUITests.swift in Sources */,
			);
			runOnlyForDeploymentPostprocessing = 0;
		};
		A259F182201CF66900B5164F /* Sources */ = {
			isa = PBXSourcesBuildPhase;
			buildActionMask = 2147483647;
			files = (
				7CE3838D22FA001A00D44557 /* HeroPresenter.swift in Sources */,
				7CE3838F22FA22D700D44557 /* HeroTableViewCell.swift in Sources */,
				7C55C9E222F8F78300519CBA /* HeroInteractor.swift in Sources */,
				7CE3839122FA28CD00D44557 /* HeroHeaderView.swift in Sources */,
				A259F19D201CF69F00B5164F /* UIImage.swift in Sources */,
				7C55C9E022F8DCD600519CBA /* UserModel.swift in Sources */,
				7C55C9F722F8FF4C00519CBA /* HeroTableViewController.swift in Sources */,
				A259F1A2201CF76400B5164F /* JSONParser.swift in Sources */,
				7CE3839522FA6CFC00D44557 /* NSMutableAttributedString.swift in Sources */,
				7C55C9F522F8FED800519CBA /* HeroRouter.swift in Sources */,
				A259F1A0201CF6EA00B5164F /* MyHeroes.swift in Sources */,
				A259F18C201CF66900B5164F /* ViewController.swift in Sources */,
				A259F18A201CF66900B5164F /* AppDelegate.swift in Sources */,
				7C55C9E422F8F8CE00519CBA /* HeroProtocols.swift in Sources */,
				7C55C9DE22F8D9B000519CBA /* HeroModel.swift in Sources */,
			);
			runOnlyForDeploymentPostprocessing = 0;
		};
/* End PBXSourcesBuildPhase section */

/* Begin PBXTargetDependency section */
		7C55C9EF22F8F95A00519CBA /* PBXTargetDependency */ = {
			isa = PBXTargetDependency;
			target = A259F185201CF66900B5164F /* doghero-test */;
			targetProxy = 7C55C9EE22F8F95A00519CBA /* PBXContainerItemProxy */;
		};
		7CE383A022FB345A00D44557 /* PBXTargetDependency */ = {
			isa = PBXTargetDependency;
			target = A259F185201CF66900B5164F /* doghero-test */;
			targetProxy = 7CE3839F22FB345A00D44557 /* PBXContainerItemProxy */;
		};
/* End PBXTargetDependency section */

/* Begin PBXVariantGroup section */
		A259F18D201CF66900B5164F /* Main.storyboard */ = {
			isa = PBXVariantGroup;
			children = (
				A259F18E201CF66900B5164F /* Base */,
			);
			name = Main.storyboard;
			sourceTree = "<group>";
		};
		A259F192201CF66900B5164F /* LaunchScreen.storyboard */ = {
			isa = PBXVariantGroup;
			children = (
				A259F193201CF66900B5164F /* Base */,
			);
			name = LaunchScreen.storyboard;
			sourceTree = "<group>";
		};
/* End PBXVariantGroup section */

/* Begin XCBuildConfiguration section */
		7C55C9F122F8F95A00519CBA /* Debug */ = {
			isa = XCBuildConfiguration;
			buildSettings = {
				BUNDLE_LOADER = "$(TEST_HOST)";
				CLANG_ENABLE_OBJC_WEAK = YES;
				CLANG_WARN_DEPRECATED_OBJC_IMPLEMENTATIONS = YES;
				CLANG_WARN_OBJC_IMPLICIT_RETAIN_SELF = YES;
				CODE_SIGN_STYLE = Automatic;
				DEVELOPMENT_TEAM = L86J8X38JC;
				INFOPLIST_FILE = "doghero-testTests/Info.plist";
				IPHONEOS_DEPLOYMENT_TARGET = 12.2;
				LD_RUNPATH_SEARCH_PATHS = "$(inherited) @executable_path/Frameworks @loader_path/Frameworks";
				MTL_ENABLE_DEBUG_INFO = INCLUDE_SOURCE;
				MTL_FAST_MATH = YES;
				PRODUCT_BUNDLE_IDENTIFIER = "br.com.mateuskamoei.doghero-testTests";
				PRODUCT_NAME = "$(TARGET_NAME)";
				SWIFT_VERSION = 5.0;
				TARGETED_DEVICE_FAMILY = "1,2";
				TEST_HOST = "$(BUILT_PRODUCTS_DIR)/doghero-test.app/doghero-test";
			};
			name = Debug;
		};
		7C55C9F222F8F95A00519CBA /* Release */ = {
			isa = XCBuildConfiguration;
			buildSettings = {
				BUNDLE_LOADER = "$(TEST_HOST)";
				CLANG_ENABLE_OBJC_WEAK = YES;
				CLANG_WARN_DEPRECATED_OBJC_IMPLEMENTATIONS = YES;
				CLANG_WARN_OBJC_IMPLICIT_RETAIN_SELF = YES;
				CODE_SIGN_STYLE = Automatic;
				DEVELOPMENT_TEAM = L86J8X38JC;
				INFOPLIST_FILE = "doghero-testTests/Info.plist";
				IPHONEOS_DEPLOYMENT_TARGET = 12.2;
				LD_RUNPATH_SEARCH_PATHS = "$(inherited) @executable_path/Frameworks @loader_path/Frameworks";
				MTL_FAST_MATH = YES;
				PRODUCT_BUNDLE_IDENTIFIER = "br.com.mateuskamoei.doghero-testTests";
				PRODUCT_NAME = "$(TARGET_NAME)";
				SWIFT_VERSION = 5.0;
				TARGETED_DEVICE_FAMILY = "1,2";
				TEST_HOST = "$(BUILT_PRODUCTS_DIR)/doghero-test.app/doghero-test";
			};
			name = Release;
		};
		7CE383A122FB345A00D44557 /* Debug */ = {
			isa = XCBuildConfiguration;
			buildSettings = {
				CLANG_ENABLE_OBJC_WEAK = YES;
				CLANG_WARN_DEPRECATED_OBJC_IMPLEMENTATIONS = YES;
				CLANG_WARN_OBJC_IMPLICIT_RETAIN_SELF = YES;
				CODE_SIGN_STYLE = Automatic;
				DEVELOPMENT_TEAM = L86J8X38JC;
				INFOPLIST_FILE = "doghero-testUITests/Info.plist";
				IPHONEOS_DEPLOYMENT_TARGET = 12.2;
				LD_RUNPATH_SEARCH_PATHS = "$(inherited) @executable_path/Frameworks @loader_path/Frameworks";
				MTL_ENABLE_DEBUG_INFO = INCLUDE_SOURCE;
				MTL_FAST_MATH = YES;
				PRODUCT_BUNDLE_IDENTIFIER = "br.com.mateuskamoei.doghero-testUITests";
				PRODUCT_NAME = "$(TARGET_NAME)";
				SWIFT_VERSION = 5.0;
				TARGETED_DEVICE_FAMILY = "1,2";
				TEST_TARGET_NAME = "doghero-test";
			};
			name = Debug;
		};
		7CE383A222FB345A00D44557 /* Release */ = {
			isa = XCBuildConfiguration;
			buildSettings = {
				CLANG_ENABLE_OBJC_WEAK = YES;
				CLANG_WARN_DEPRECATED_OBJC_IMPLEMENTATIONS = YES;
				CLANG_WARN_OBJC_IMPLICIT_RETAIN_SELF = YES;
				CODE_SIGN_STYLE = Automatic;
				DEVELOPMENT_TEAM = L86J8X38JC;
				INFOPLIST_FILE = "doghero-testUITests/Info.plist";
				IPHONEOS_DEPLOYMENT_TARGET = 12.2;
				LD_RUNPATH_SEARCH_PATHS = "$(inherited) @executable_path/Frameworks @loader_path/Frameworks";
				MTL_FAST_MATH = YES;
				PRODUCT_BUNDLE_IDENTIFIER = "br.com.mateuskamoei.doghero-testUITests";
				PRODUCT_NAME = "$(TARGET_NAME)";
				SWIFT_VERSION = 5.0;
				TARGETED_DEVICE_FAMILY = "1,2";
				TEST_TARGET_NAME = "doghero-test";
			};
			name = Release;
		};
		A259F196201CF66900B5164F /* Debug */ = {
			isa = XCBuildConfiguration;
			buildSettings = {
				ALWAYS_SEARCH_USER_PATHS = NO;
				CLANG_ANALYZER_NONNULL = YES;
				CLANG_ANALYZER_NUMBER_OBJECT_CONVERSION = YES_AGGRESSIVE;
				CLANG_CXX_LANGUAGE_STANDARD = "gnu++14";
				CLANG_CXX_LIBRARY = "libc++";
				CLANG_ENABLE_MODULES = YES;
				CLANG_ENABLE_OBJC_ARC = YES;
				CLANG_WARN_BLOCK_CAPTURE_AUTORELEASING = YES;
				CLANG_WARN_BOOL_CONVERSION = YES;
				CLANG_WARN_COMMA = YES;
				CLANG_WARN_CONSTANT_CONVERSION = YES;
				CLANG_WARN_DIRECT_OBJC_ISA_USAGE = YES_ERROR;
				CLANG_WARN_DOCUMENTATION_COMMENTS = YES;
				CLANG_WARN_EMPTY_BODY = YES;
				CLANG_WARN_ENUM_CONVERSION = YES;
				CLANG_WARN_INFINITE_RECURSION = YES;
				CLANG_WARN_INT_CONVERSION = YES;
				CLANG_WARN_NON_LITERAL_NULL_CONVERSION = YES;
				CLANG_WARN_OBJC_LITERAL_CONVERSION = YES;
				CLANG_WARN_OBJC_ROOT_CLASS = YES_ERROR;
				CLANG_WARN_RANGE_LOOP_ANALYSIS = YES;
				CLANG_WARN_STRICT_PROTOTYPES = YES;
				CLANG_WARN_SUSPICIOUS_MOVE = YES;
				CLANG_WARN_UNGUARDED_AVAILABILITY = YES_AGGRESSIVE;
				CLANG_WARN_UNREACHABLE_CODE = YES;
				CLANG_WARN__DUPLICATE_METHOD_MATCH = YES;
				CODE_SIGN_IDENTITY = "iPhone Developer";
				COPY_PHASE_STRIP = NO;
				DEBUG_INFORMATION_FORMAT = dwarf;
				ENABLE_STRICT_OBJC_MSGSEND = YES;
				ENABLE_TESTABILITY = YES;
				GCC_C_LANGUAGE_STANDARD = gnu11;
				GCC_DYNAMIC_NO_PIC = NO;
				GCC_NO_COMMON_BLOCKS = YES;
				GCC_OPTIMIZATION_LEVEL = 0;
				GCC_PREPROCESSOR_DEFINITIONS = (
					"DEBUG=1",
					"$(inherited)",
				);
				GCC_WARN_64_TO_32_BIT_CONVERSION = YES;
				GCC_WARN_ABOUT_RETURN_TYPE = YES_ERROR;
				GCC_WARN_UNDECLARED_SELECTOR = YES;
				GCC_WARN_UNINITIALIZED_AUTOS = YES_AGGRESSIVE;
				GCC_WARN_UNUSED_FUNCTION = YES;
				GCC_WARN_UNUSED_VARIABLE = YES;
				IPHONEOS_DEPLOYMENT_TARGET = 11.2;
				MTL_ENABLE_DEBUG_INFO = YES;
				ONLY_ACTIVE_ARCH = YES;
				SDKROOT = iphoneos;
				SWIFT_ACTIVE_COMPILATION_CONDITIONS = DEBUG;
				SWIFT_OPTIMIZATION_LEVEL = "-Onone";
			};
			name = Debug;
		};
		A259F197201CF66900B5164F /* Release */ = {
			isa = XCBuildConfiguration;
			buildSettings = {
				ALWAYS_SEARCH_USER_PATHS = NO;
				CLANG_ANALYZER_NONNULL = YES;
				CLANG_ANALYZER_NUMBER_OBJECT_CONVERSION = YES_AGGRESSIVE;
				CLANG_CXX_LANGUAGE_STANDARD = "gnu++14";
				CLANG_CXX_LIBRARY = "libc++";
				CLANG_ENABLE_MODULES = YES;
				CLANG_ENABLE_OBJC_ARC = YES;
				CLANG_WARN_BLOCK_CAPTURE_AUTORELEASING = YES;
				CLANG_WARN_BOOL_CONVERSION = YES;
				CLANG_WARN_COMMA = YES;
				CLANG_WARN_CONSTANT_CONVERSION = YES;
				CLANG_WARN_DIRECT_OBJC_ISA_USAGE = YES_ERROR;
				CLANG_WARN_DOCUMENTATION_COMMENTS = YES;
				CLANG_WARN_EMPTY_BODY = YES;
				CLANG_WARN_ENUM_CONVERSION = YES;
				CLANG_WARN_INFINITE_RECURSION = YES;
				CLANG_WARN_INT_CONVERSION = YES;
				CLANG_WARN_NON_LITERAL_NULL_CONVERSION = YES;
				CLANG_WARN_OBJC_LITERAL_CONVERSION = YES;
				CLANG_WARN_OBJC_ROOT_CLASS = YES_ERROR;
				CLANG_WARN_RANGE_LOOP_ANALYSIS = YES;
				CLANG_WARN_STRICT_PROTOTYPES = YES;
				CLANG_WARN_SUSPICIOUS_MOVE = YES;
				CLANG_WARN_UNGUARDED_AVAILABILITY = YES_AGGRESSIVE;
				CLANG_WARN_UNREACHABLE_CODE = YES;
				CLANG_WARN__DUPLICATE_METHOD_MATCH = YES;
				CODE_SIGN_IDENTITY = "iPhone Developer";
				COPY_PHASE_STRIP = NO;
				DEBUG_INFORMATION_FORMAT = "dwarf-with-dsym";
				ENABLE_NS_ASSERTIONS = NO;
				ENABLE_STRICT_OBJC_MSGSEND = YES;
				GCC_C_LANGUAGE_STANDARD = gnu11;
				GCC_NO_COMMON_BLOCKS = YES;
				GCC_WARN_64_TO_32_BIT_CONVERSION = YES;
				GCC_WARN_ABOUT_RETURN_TYPE = YES_ERROR;
				GCC_WARN_UNDECLARED_SELECTOR = YES;
				GCC_WARN_UNINITIALIZED_AUTOS = YES_AGGRESSIVE;
				GCC_WARN_UNUSED_FUNCTION = YES;
				GCC_WARN_UNUSED_VARIABLE = YES;
				IPHONEOS_DEPLOYMENT_TARGET = 11.2;
				MTL_ENABLE_DEBUG_INFO = NO;
				SDKROOT = iphoneos;
				SWIFT_OPTIMIZATION_LEVEL = "-Owholemodule";
				VALIDATE_PRODUCT = YES;
			};
			name = Release;
		};
		A259F199201CF66900B5164F /* Debug */ = {
			isa = XCBuildConfiguration;
			baseConfigurationReference = FB67BAA26EFB845151CB0C97 /* Pods-doghero-test.debug.xcconfig */;
			buildSettings = {
				ASSETCATALOG_COMPILER_APPICON_NAME = AppIcon;
				CODE_SIGN_STYLE = Automatic;
				INFOPLIST_FILE = "doghero-test/Info.plist";
				LD_RUNPATH_SEARCH_PATHS = "$(inherited) @executable_path/Frameworks";
				PRODUCT_BUNDLE_IDENTIFIER = "br.com.doghero.doghero-test";
				PRODUCT_NAME = "$(TARGET_NAME)";
				SWIFT_VERSION = 4.0;
				TARGETED_DEVICE_FAMILY = "1,2";
			};
			name = Debug;
		};
		A259F19A201CF66900B5164F /* Release */ = {
			isa = XCBuildConfiguration;
			baseConfigurationReference = E315F3F846A1118D7A1F6EB4 /* Pods-doghero-test.release.xcconfig */;
			buildSettings = {
				ASSETCATALOG_COMPILER_APPICON_NAME = AppIcon;
				CODE_SIGN_STYLE = Automatic;
				INFOPLIST_FILE = "doghero-test/Info.plist";
				LD_RUNPATH_SEARCH_PATHS = "$(inherited) @executable_path/Frameworks";
				PRODUCT_BUNDLE_IDENTIFIER = "br.com.doghero.doghero-test";
				PRODUCT_NAME = "$(TARGET_NAME)";
				SWIFT_VERSION = 4.0;
				TARGETED_DEVICE_FAMILY = "1,2";
			};
			name = Release;
		};
/* End XCBuildConfiguration section */

/* Begin XCConfigurationList section */
		7C55C9F022F8F95A00519CBA /* Build configuration list for PBXNativeTarget "doghero-testTests" */ = {
			isa = XCConfigurationList;
			buildConfigurations = (
				7C55C9F122F8F95A00519CBA /* Debug */,
				7C55C9F222F8F95A00519CBA /* Release */,
			);
			defaultConfigurationIsVisible = 0;
			defaultConfigurationName = Release;
		};
		7CE383A322FB345B00D44557 /* Build configuration list for PBXNativeTarget "doghero-testUITests" */ = {
			isa = XCConfigurationList;
			buildConfigurations = (
				7CE383A122FB345A00D44557 /* Debug */,
				7CE383A222FB345A00D44557 /* Release */,
			);
			defaultConfigurationIsVisible = 0;
			defaultConfigurationName = Release;
		};
		A259F181201CF66900B5164F /* Build configuration list for PBXProject "doghero-test" */ = {
			isa = XCConfigurationList;
			buildConfigurations = (
				A259F196201CF66900B5164F /* Debug */,
				A259F197201CF66900B5164F /* Release */,
			);
			defaultConfigurationIsVisible = 0;
			defaultConfigurationName = Release;
		};
		A259F198201CF66900B5164F /* Build configuration list for PBXNativeTarget "doghero-test" */ = {
			isa = XCConfigurationList;
			buildConfigurations = (
				A259F199201CF66900B5164F /* Debug */,
				A259F19A201CF66900B5164F /* Release */,
			);
			defaultConfigurationIsVisible = 0;
			defaultConfigurationName = Release;
		};
/* End XCConfigurationList section */
	};
	rootObject = A259F17E201CF66900B5164F /* Project object */;
}
